
Microsoft Visual Studio Solution File, Format Version 12.00
# Visual Studio Version 17
VisualStudioVersion = 17.14.36414.22
MinimumVisualStudioVersion = 10.0.40219.1
Project("{8BC9CEB8-8B4A-11D0-8D11-00A0C91BC942}") = "Lab3", "Lab3\Lab3.vcxproj", "{3D997CC4-7D88-4840-BF9E-C3349E20AAC2}"
EndProject
Project("{8BC9CEB8-8B4A-11D0-8D11-00A0C91BC942}") = "task2", "task2\task2.vcxproj", "{A7E23EFA-0710-4D64-A37A-95B4D7073583}"
EndProject
Project("{8BC9CEB8-8B4A-11D0-8D11-00A0C91BC942}") = "task3", "task3\task3.vcxproj", "{4F2EC53D-142B-4875-BF1E-4558E37C9E06}"
EndProject
Global
	GlobalSection(SolutionConfigurationPlatforms) = preSolution
		Debug|x64 = Debug|x64
		Debug|x86 = Debug|x86
		Release|x64 = Release|x64
		Release|x86 = Release|x86
	EndGlobalSection
	GlobalSection(ProjectConfigurationPlatforms) = postSolution
		{3D997CC4-7D88-4840-BF9E-C3349E20AAC2}.Debug|x64.ActiveCfg = Debug|x64
		{3D997CC4-7D88-4840-BF9E-C3349E20AAC2}.Debug|x64.Build.0 = Debug|x64
		{3D997CC4-7D88-4840-BF9E-C3349E20AAC2}.Debug|x86.ActiveCfg = Debug|Win32
		{3D997CC4-7D88-4840-BF9E-C3349E20AAC2}.Debug|x86.Build.0 = Debug|Win32
		{3D997CC4-7D88-4840-BF9E-C3349E20AAC2}.Release|x64.ActiveCfg = Release|x64
		{3D997CC4-7D88-4840-BF9E-C3349E20AAC2}.Release|x64.Build.0 = Release|x64
		{3D997CC4-7D88-4840-BF9E-C3349E20AAC2}.Release|x86.ActiveCfg = Release|Win32
		{3D997CC4-7D88-4840-BF9E-C3349E20AAC2}.Release|x86.Build.0 = Release|Win32
		{A7E23EFA-0710-4D64-A37A-95B4D7073583}.Debug|x64.ActiveCfg = Debug|x64
		{A7E23EFA-0710-4D64-A37A-95B4D7073583}.Debug|x64.Build.0 = Debug|x64
		{A7E23EFA-0710-4D64-A37A-95B4D7073583}.Debug|x86.ActiveCfg = Debug|Win32
		{A7E23EFA-0710-4D64-A37A-95B4D7073583}.Debug|x86.Build.0 = Debug|Win32
		{A7E23EFA-0710-4D64-A37A-95B4D7073583}.Release|x64.ActiveCfg = Release|x64
		{A7E23EFA-0710-4D64-A37A-95B4D7073583}.Release|x64.Build.0 = Release|x64
		{A7E23EFA-0710-4D64-A37A-95B4D7073583}.Release|x86.ActiveCfg = Release|Win32
		{A7E23EFA-0710-4D64-A37A-95B4D7073583}.Release|x86.Build.0 = Release|Win32
		{4F2EC53D-142B-4875-BF1E-4558E37C9E06}.Debug|x64.ActiveCfg = Debug|x64
		{4F2EC53D-142B-4875-BF1E-4558E37C9E06}.Debug|x64.Build.0 = Debug|x64
		{4F2EC53D-142B-4875-BF1E-4558E37C9E06}.Debug|x86.ActiveCfg = Debug|Win32
		{4F2EC53D-142B-4875-BF1E-4558E37C9E06}.Debug|x86.Build.0 = Debug|Win32
		{4F2EC53D-142B-4875-BF1E-4558E37C9E06}.Release|x64.ActiveCfg = Release|x64
		{4F2EC53D-142B-4875-BF1E-4558E37C9E06}.Release|x64.Build.0 = Release|x64
		{4F2EC53D-142B-4875-BF1E-4558E37C9E06}.Release|x86.ActiveCfg = Release|Win32
		{4F2EC53D-142B-4875-BF1E-4558E37C9E06}.Release|x86.Build.0 = Release|Win32
	EndGlobalSection
	GlobalSection(SolutionProperties) = preSolution
		HideSolutionNode = FALSE
	EndGlobalSection
	GlobalSection(ExtensibilityGlobals) = postSolution
		SolutionGuid = {019EB2CA-1CE8-43E3-B6CB-EA4BC52504E6}
	EndGlobalSection
EndGlobal
